// !$*UTF8*$!
{
	archiveVersion = 1;
	classes = {
	};
	objectVersion = 50;
	objects = {

/* Begin PBXFileReference section */
		2A1F1E10260FE596009BA217 /* ESP-Train-Self-AP */ = {isa = PBXFileReference; lastKnownFileType = folder; path = "ESP-Train-Self-AP"; sourceTree = "<group>"; };
		2A1F1E12260FEF08009BA217 /* Atmega328p-for-train */ = {isa = PBXFileReference; lastKnownFileType = folder; path = "Atmega328p-for-train"; sourceTree = "<group>"; };
		2A1F1E13260FF017009BA217 /* index.html */ = {isa = PBXFileReference; lastKnownFileType = text.html; path = index.html; sourceTree = "<group>"; };
		2A512589248D641F00C71486 /* esp8266-train-websocket.html */ = {isa = PBXFileReference; lastKnownFileType = text.html; path = "esp8266-train-websocket.html"; sourceTree = "<group>"; };
		2A51258A248D642000C71486 /* ESP8266-Train-Websocket-GPIOSwitch-Server-SanatanDharma */ = {isa = PBXFileReference; lastKnownFileType = folder; path = "ESP8266-Train-Websocket-GPIOSwitch-Server-SanatanDharma"; sourceTree = "<group>"; };
/* End PBXFileReference section */

/* Begin PBXGroup section */
		2A512582248D63DD00C71486 = {
			isa = PBXGroup;
			children = (
				2A1F1E13260FF017009BA217 /* index.html */,
				2A1F1E12260FEF08009BA217 /* Atmega328p-for-train */,
				2A1F1E10260FE596009BA217 /* ESP-Train-Self-AP */,
				2A51258A248D642000C71486 /* ESP8266-Train-Websocket-GPIOSwitch-Server-SanatanDharma */,
				2A512589248D641F00C71486 /* esp8266-train-websocket.html */,
			);
			sourceTree = "<group>";
		};
/* End PBXGroup section */

/* Begin PBXProject section */
		2A512583248D63DE00C71486 /* Project object */ = {
			isa = PBXProject;
			attributes = {
				LastUpgradeCheck = 1000;
			};
			buildConfigurationList = 2A512586248D63DE00C71486 /* Build configuration list for PBXProject "Train-loco-switch-layout-signal" */;
			compatibilityVersion = "Xcode 9.3";
			developmentRegion = en;
			hasScannedForEncodings = 0;
			knownRegions = (
				en,
			);
			mainGroup = 2A512582248D63DD00C71486;
			projectDirPath = "";
			projectRoot = "";
			targets = (
			);
		};
/* End PBXProject section */

/* Begin XCBuildConfiguration section */
		2A512587248D63DE00C71486 /* Debug */ = {
			isa = XCBuildConfiguration;
			buildSettings = {
			};
			name = Debug;
		};
		2A512588248D63DE00C71486 /* Release */ = {
			isa = XCBuildConfiguration;
			buildSettings = {
			};
			name = Release;
		};
/* End XCBuildConfiguration section */

/* Begin XCConfigurationList section */
		2A512586248D63DE00C71486 /* Build configuration list for PBXProject "Train-loco-switch-layout-signal" */ = {
			isa = XCConfigurationList;
			buildConfigurations = (
				2A512587248D63DE00C71486 /* Debug */,
				2A512588248D63DE00C71486 /* Release */,
			);
			defaultConfigurationIsVisible = 0;
			defaultConfigurationName = Release;
		};
/* End XCConfigurationList section */
	};
	rootObject = 2A512583248D63DE00C71486 /* Project object */;
}
